
Microsoft Visual Studio Solution File, Format Version 12.00
# Visual Studio Version 17
VisualStudioVersion = 17.14.36127.28
MinimumVisualStudioVersion = 10.0.40219.1
Project("{FAE04EC0-301F-11D3-BF4B-00C04F79EFBC}") = "PitStop.API", "PitStop.API\PitStop.API.csproj", "{D0F56AA1-78BE-4ECF-9E5F-CFA05CFC822E}"
EndProject
Global
	GlobalSection(SolutionConfigurationPlatforms) = preSolution
		Debug|Any CPU = Debug|Any CPU
		Release|Any CPU = Release|Any CPU
	EndGlobalSection
	GlobalSection(ProjectConfigurationPlatforms) = postSolution
		{D0F56AA1-78BE-4ECF-9E5F-CFA05CFC822E}.Debug|Any CPU.ActiveCfg = Debug|Any CPU
		{D0F56AA1-78BE-4ECF-9E5F-CFA05CFC822E}.Debug|Any CPU.Build.0 = Debug|Any CPU
		{D0F56AA1-78BE-4ECF-9E5F-CFA05CFC822E}.Release|Any CPU.ActiveCfg = Release|Any CPU
		{D0F56AA1-78BE-4ECF-9E5F-CFA05CFC822E}.Release|Any CPU.Build.0 = Release|Any CPU
	EndGlobalSection
	GlobalSection(SolutionProperties) = preSolution
		HideSolutionNode = FALSE
	EndGlobalSection
	GlobalSection(ExtensibilityGlobals) = postSolution
		SolutionGuid = {99095E22-99DA-45A6-90DF-763F6D2497C0}
	EndGlobalSection
EndGlobal
